
Microsoft Visual Studio Solution File, Format Version 12.00
Project("{FAE04EC0-301F-11D3-BF4B-00C04F79EFBC}") = "Ex1", "Ex1\Ex1.csproj", "{7E6323AF-02E9-476E-913F-3208D2C5DD60}"
EndProject
Project("{FAE04EC0-301F-11D3-BF4B-00C04F79EFBC}") = "Ex2", "Ex2\Ex2.csproj", "{9BCA1FAA-2827-4D8D-BB6E-5496186BB20D}"
EndProject
Global
	GlobalSection(SolutionConfigurationPlatforms) = preSolution
		Debug|Any CPU = Debug|Any CPU
		Release|Any CPU = Release|Any CPU
	EndGlobalSection
	GlobalSection(ProjectConfigurationPlatforms) = postSolution
		{7E6323AF-02E9-476E-913F-3208D2C5DD60}.Debug|Any CPU.ActiveCfg = Debug|Any CPU
		{7E6323AF-02E9-476E-913F-3208D2C5DD60}.Debug|Any CPU.Build.0 = Debug|Any CPU
		{7E6323AF-02E9-476E-913F-3208D2C5DD60}.Release|Any CPU.ActiveCfg = Release|Any CPU
		{7E6323AF-02E9-476E-913F-3208D2C5DD60}.Release|Any CPU.Build.0 = Release|Any CPU
		{9BCA1FAA-2827-4D8D-BB6E-5496186BB20D}.Debug|Any CPU.ActiveCfg = Debug|Any CPU
		{9BCA1FAA-2827-4D8D-BB6E-5496186BB20D}.Debug|Any CPU.Build.0 = Debug|Any CPU
		{9BCA1FAA-2827-4D8D-BB6E-5496186BB20D}.Release|Any CPU.ActiveCfg = Release|Any CPU
		{9BCA1FAA-2827-4D8D-BB6E-5496186BB20D}.Release|Any CPU.Build.0 = Release|Any CPU
	EndGlobalSection
EndGlobal
